
Microsoft Visual Studio Solution File, Format Version 14.00
# Visual Studio 2010
Project("{FAE04EC0-301F-11D3-BF4B-00C04F79EFBC}") = "LemonParticlesSystem", "XNAParticles\LemonParticlesSystem.csproj", "{37AE555B-6569-4829-B112-68B4DB94CCD1}"
EndProject
Project("{2150E333-8FDC-42A3-9474-1A3956D46DE8}") = ".nuget", ".nuget", "{B5C24877-262F-4624-B23D-9F26A8F55EA4}"
	ProjectSection(SolutionItems) = preProject
		.nuget\NuGet.Config = .nuget\NuGet.Config
		.nuget\NuGet.exe = .nuget\NuGet.exe
		.nuget\NuGet.targets = .nuget\NuGet.targets
		.nuget\packages.config = .nuget\packages.config
	EndProjectSection
EndProject
Global
	GlobalSection(SolutionConfigurationPlatforms) = preSolution
		Debug|x86 = Debug|x86
		Release|x86 = Release|x86
	EndGlobalSection
	GlobalSection(ProjectConfigurationPlatforms) = postSolution
		{37AE555B-6569-4829-B112-68B4DB94CCD1}.Debug|x86.ActiveCfg = Debug|x86
		{37AE555B-6569-4829-B112-68B4DB94CCD1}.Debug|x86.Build.0 = Debug|x86
		{37AE555B-6569-4829-B112-68B4DB94CCD1}.Release|x86.ActiveCfg = Release|x86
		{37AE555B-6569-4829-B112-68B4DB94CCD1}.Release|x86.Build.0 = Release|x86
	EndGlobalSection
	GlobalSection(SolutionProperties) = preSolution
		HideSolutionNode = FALSE
	EndGlobalSection
EndGlobal
